# This file is autogenerated, do not edit; changes may be undone by the next 'dep ensure'.

memo = "5fd2a4fd065e9ec284adb0eb474146e52be21f2a70c180e8adc30e13ddb7fe4f"

[[projects]]
  branch = "master"
  name = "github.com/auth0-community/go-auth0"
  packages = ["."]
  revision = "cd07c3af304f8ba134f467a9ba5119de524cac49"

[[projects]]
  branch = "master"
  name = "github.com/go-errors/errors"
  packages = ["."]
  revision = "8fa88b06e5974e97fbf9899a7f86a344bfd1f105"

[[projects]]
  branch = "master"
  name = "github.com/jmoiron/sqlx"
  packages = [".","reflectx"]
  revision = "d9bd385d68c068f1fabb5057e3dedcbcbb039d0f"

[[projects]]
  name = "github.com/julienschmidt/httprouter"
  packages = ["."]
  revision = "8c199fb6259ffc1af525cc3ad52ee60ba8359669"
  version = "v1.1"

[[projects]]
  name = "github.com/justinas/alice"
  packages = ["."]
  revision = "052b8b6c18edb9db317af86806d8e00ebaa94160"
  version = "1.0.0"

[[projects]]
  branch = "master"
  name = "github.com/lib/pq"
  packages = [".","oid"]
  revision = "2704adc878c21e1329f46f6e56a1c387d788ff94"

[[projects]]
  name = "github.com/rs/cors"
  packages = ["."]
  revision = "a62a804a8a009876ca59105f7899938a1349f4b3"
  version = "v1.0"

[[projects]]
  name = "github.com/rs/xhandler"
  packages = ["."]
  revision = "d9d9599b6aaf6a058cb7b1f48291ded2cbd13390"
  version = "v1.0"

[[projects]]
  name = "github.com/satori/go.uuid"
  packages = ["."]
  revision = "879c5887cd475cd7864858769793b2ceb0d44feb"
  version = "v1.1.0"

[[projects]]
  name = "github.com/square/go-jose"
  packages = ["."]
  revision = "aa2e30fdd1fe9dd3394119af66451ae790d50e0d"
  version = "v1.1.0"

[[projects]]
  name = "go.uber.org/atomic"
  packages = ["."]
  revision = "4e336646b2ef9fc6e47be8e21594178f98e5ebcf"
  version = "v1.2.0"

[[projects]]
  name = "go.uber.org/zap"
  packages = [".","buffer","internal/bufferpool","internal/color","internal/exit","internal/multierror","zapcore"]
  revision = "fab453050a7a08c35f31fc5fff6f2dbd962285ab"
  version = "v1.4.0"

[[projects]]
  branch = "master"
  name = "golang.org/x/net"
  packages = ["context"]
  revision = "48359f4f600b3a2d5cf657458e3f940021631a56"

[[projects]]
  name = "gopkg.in/square/go-jose.v1"
  packages = ["cipher","json"]
  revision = "296c7f1463ec9b712176dc804dea0173d06dc728"
  version = "v2.0.1"

[[projects]]
  name = "gopkg.in/square/go-jose.v2"
  packages = [".","cipher","json","jwt"]
  revision = "af13e1fbc7ac2df7f7eab54e5177104d546d0e9c"
  version = "v2.1.1"
